
Microsoft Visual Studio Solution File, Format Version 12.00
# Visual Studio 15
VisualStudioVersion = 15.0.27428.2027
MinimumVisualStudioVersion = 10.0.40219.1
Project("{8BC9CEB8-8B4A-11D0-8D11-00A0C91BC942}") = "10-file-write", "10-file-write\10-file-write.vcxproj", "{5AB4F8C6-1DC7-4E52-B74F-1E0EBD16CB60}"
EndProject
Global
	GlobalSection(SolutionConfigurationPlatforms) = preSolution
		Debug|x64 = Debug|x64
		Debug|x86 = Debug|x86
		Release|x64 = Release|x64
		Release|x86 = Release|x86
		Zero|x64 = Zero|x64
		Zero|x86 = Zero|x86
	EndGlobalSection
	GlobalSection(ProjectConfigurationPlatforms) = postSolution
		{5AB4F8C6-1DC7-4E52-B74F-1E0EBD16CB60}.Debug|x64.ActiveCfg = Debug|x64
		{5AB4F8C6-1DC7-4E52-B74F-1E0EBD16CB60}.Debug|x64.Build.0 = Debug|x64
		{5AB4F8C6-1DC7-4E52-B74F-1E0EBD16CB60}.Debug|x86.ActiveCfg = Debug|Win32
		{5AB4F8C6-1DC7-4E52-B74F-1E0EBD16CB60}.Debug|x86.Build.0 = Debug|Win32
		{5AB4F8C6-1DC7-4E52-B74F-1E0EBD16CB60}.Release|x64.ActiveCfg = Release|x64
		{5AB4F8C6-1DC7-4E52-B74F-1E0EBD16CB60}.Release|x64.Build.0 = Release|x64
		{5AB4F8C6-1DC7-4E52-B74F-1E0EBD16CB60}.Release|x86.ActiveCfg = Release|Win32
		{5AB4F8C6-1DC7-4E52-B74F-1E0EBD16CB60}.Release|x86.Build.0 = Release|Win32
		{5AB4F8C6-1DC7-4E52-B74F-1E0EBD16CB60}.Zero|x64.ActiveCfg = Zero|x64
		{5AB4F8C6-1DC7-4E52-B74F-1E0EBD16CB60}.Zero|x64.Build.0 = Zero|x64
		{5AB4F8C6-1DC7-4E52-B74F-1E0EBD16CB60}.Zero|x86.ActiveCfg = Zero|Win32
		{5AB4F8C6-1DC7-4E52-B74F-1E0EBD16CB60}.Zero|x86.Build.0 = Zero|Win32
	EndGlobalSection
	GlobalSection(SolutionProperties) = preSolution
		HideSolutionNode = FALSE
	EndGlobalSection
	GlobalSection(ExtensibilityGlobals) = postSolution
		SolutionGuid = {7F805A42-4F9C-4E9C-B442-81C1BF17D95E}
	EndGlobalSection
EndGlobal
