
Microsoft Visual Studio Solution File, Format Version 12.00
# Visual Studio 15
VisualStudioVersion = 15.0.27428.2015
MinimumVisualStudioVersion = 10.0.40219.1
Project("{8BC9CEB8-8B4A-11D0-8D11-00A0C91BC942}") = "3-while", "3-while\3-while.vcxproj", "{A222F56B-F5DC-4FCA-867D-2A1C1E80F67B}"
EndProject
Global
	GlobalSection(SolutionConfigurationPlatforms) = preSolution
		Debug|x64 = Debug|x64
		Debug|x86 = Debug|x86
		Release|x64 = Release|x64
		Release|x86 = Release|x86
		Zero|x64 = Zero|x64
		Zero|x86 = Zero|x86
	EndGlobalSection
	GlobalSection(ProjectConfigurationPlatforms) = postSolution
		{A222F56B-F5DC-4FCA-867D-2A1C1E80F67B}.Debug|x64.ActiveCfg = Debug|x64
		{A222F56B-F5DC-4FCA-867D-2A1C1E80F67B}.Debug|x64.Build.0 = Debug|x64
		{A222F56B-F5DC-4FCA-867D-2A1C1E80F67B}.Debug|x86.ActiveCfg = Debug|Win32
		{A222F56B-F5DC-4FCA-867D-2A1C1E80F67B}.Debug|x86.Build.0 = Debug|Win32
		{A222F56B-F5DC-4FCA-867D-2A1C1E80F67B}.Release|x64.ActiveCfg = Release|x64
		{A222F56B-F5DC-4FCA-867D-2A1C1E80F67B}.Release|x64.Build.0 = Release|x64
		{A222F56B-F5DC-4FCA-867D-2A1C1E80F67B}.Release|x86.ActiveCfg = Release|Win32
		{A222F56B-F5DC-4FCA-867D-2A1C1E80F67B}.Release|x86.Build.0 = Release|Win32
		{A222F56B-F5DC-4FCA-867D-2A1C1E80F67B}.Zero|x64.ActiveCfg = Zero|x64
		{A222F56B-F5DC-4FCA-867D-2A1C1E80F67B}.Zero|x64.Build.0 = Zero|x64
		{A222F56B-F5DC-4FCA-867D-2A1C1E80F67B}.Zero|x86.ActiveCfg = Zero|Win32
		{A222F56B-F5DC-4FCA-867D-2A1C1E80F67B}.Zero|x86.Build.0 = Zero|Win32
	EndGlobalSection
	GlobalSection(SolutionProperties) = preSolution
		HideSolutionNode = FALSE
	EndGlobalSection
	GlobalSection(ExtensibilityGlobals) = postSolution
		SolutionGuid = {FB1E0E10-76B6-4529-8141-FA9580E6F839}
	EndGlobalSection
EndGlobal
