
Microsoft Visual Studio Solution File, Format Version 12.00
# Visual Studio 15
VisualStudioVersion = 15.0.27428.2037
MinimumVisualStudioVersion = 10.0.40219.1
Project("{8BC9CEB8-8B4A-11D0-8D11-00A0C91BC942}") = "14-ptr-struct", "14-ptr-struct\14-ptr-struct.vcxproj", "{99668092-2B29-497D-8ACE-0AC52DA94A01}"
EndProject
Global
	GlobalSection(SolutionConfigurationPlatforms) = preSolution
		Debug|x64 = Debug|x64
		Debug|x86 = Debug|x86
		Release|x64 = Release|x64
		Release|x86 = Release|x86
		Zero|x64 = Zero|x64
		Zero|x86 = Zero|x86
	EndGlobalSection
	GlobalSection(ProjectConfigurationPlatforms) = postSolution
		{99668092-2B29-497D-8ACE-0AC52DA94A01}.Debug|x64.ActiveCfg = Debug|x64
		{99668092-2B29-497D-8ACE-0AC52DA94A01}.Debug|x64.Build.0 = Debug|x64
		{99668092-2B29-497D-8ACE-0AC52DA94A01}.Debug|x86.ActiveCfg = Debug|Win32
		{99668092-2B29-497D-8ACE-0AC52DA94A01}.Debug|x86.Build.0 = Debug|Win32
		{99668092-2B29-497D-8ACE-0AC52DA94A01}.Release|x64.ActiveCfg = Release|x64
		{99668092-2B29-497D-8ACE-0AC52DA94A01}.Release|x64.Build.0 = Release|x64
		{99668092-2B29-497D-8ACE-0AC52DA94A01}.Release|x86.ActiveCfg = Release|Win32
		{99668092-2B29-497D-8ACE-0AC52DA94A01}.Release|x86.Build.0 = Release|Win32
		{99668092-2B29-497D-8ACE-0AC52DA94A01}.Zero|x64.ActiveCfg = Zero|x64
		{99668092-2B29-497D-8ACE-0AC52DA94A01}.Zero|x64.Build.0 = Zero|x64
		{99668092-2B29-497D-8ACE-0AC52DA94A01}.Zero|x86.ActiveCfg = Zero|Win32
		{99668092-2B29-497D-8ACE-0AC52DA94A01}.Zero|x86.Build.0 = Zero|Win32
	EndGlobalSection
	GlobalSection(SolutionProperties) = preSolution
		HideSolutionNode = FALSE
	EndGlobalSection
	GlobalSection(ExtensibilityGlobals) = postSolution
		SolutionGuid = {DF5A95CA-4B47-4351-97C7-78A9EDA4DD76}
	EndGlobalSection
EndGlobal
