
Microsoft Visual Studio Solution File, Format Version 12.00
# Visual Studio 15
VisualStudioVersion = 15.0.27428.2037
MinimumVisualStudioVersion = 10.0.40219.1
Project("{8BC9CEB8-8B4A-11D0-8D11-00A0C91BC942}") = "17-macro", "17-macro\17-macro.vcxproj", "{55F54D3E-0D06-4AE6-98C8-5A60E9FC5E04}"
EndProject
Global
	GlobalSection(SolutionConfigurationPlatforms) = preSolution
		Debug|x64 = Debug|x64
		Debug|x86 = Debug|x86
		Release|x64 = Release|x64
		Release|x86 = Release|x86
		Zero|x64 = Zero|x64
		Zero|x86 = Zero|x86
	EndGlobalSection
	GlobalSection(ProjectConfigurationPlatforms) = postSolution
		{55F54D3E-0D06-4AE6-98C8-5A60E9FC5E04}.Debug|x64.ActiveCfg = Debug|x64
		{55F54D3E-0D06-4AE6-98C8-5A60E9FC5E04}.Debug|x64.Build.0 = Debug|x64
		{55F54D3E-0D06-4AE6-98C8-5A60E9FC5E04}.Debug|x86.ActiveCfg = Debug|Win32
		{55F54D3E-0D06-4AE6-98C8-5A60E9FC5E04}.Debug|x86.Build.0 = Debug|Win32
		{55F54D3E-0D06-4AE6-98C8-5A60E9FC5E04}.Release|x64.ActiveCfg = Release|x64
		{55F54D3E-0D06-4AE6-98C8-5A60E9FC5E04}.Release|x64.Build.0 = Release|x64
		{55F54D3E-0D06-4AE6-98C8-5A60E9FC5E04}.Release|x86.ActiveCfg = Release|Win32
		{55F54D3E-0D06-4AE6-98C8-5A60E9FC5E04}.Release|x86.Build.0 = Release|Win32
		{55F54D3E-0D06-4AE6-98C8-5A60E9FC5E04}.Zero|x64.ActiveCfg = Zero|x64
		{55F54D3E-0D06-4AE6-98C8-5A60E9FC5E04}.Zero|x64.Build.0 = Zero|x64
		{55F54D3E-0D06-4AE6-98C8-5A60E9FC5E04}.Zero|x86.ActiveCfg = Zero|Win32
		{55F54D3E-0D06-4AE6-98C8-5A60E9FC5E04}.Zero|x86.Build.0 = Zero|Win32
	EndGlobalSection
	GlobalSection(SolutionProperties) = preSolution
		HideSolutionNode = FALSE
	EndGlobalSection
	GlobalSection(ExtensibilityGlobals) = postSolution
		SolutionGuid = {151937E7-6607-4362-8FB7-A563F1726F43}
	EndGlobalSection
EndGlobal
