
Microsoft Visual Studio Solution File, Format Version 12.00
# Visual Studio 15
VisualStudioVersion = 15.0.27428.2037
MinimumVisualStudioVersion = 10.0.40219.1
Project("{8BC9CEB8-8B4A-11D0-8D11-00A0C91BC942}") = "10-sample-10", "10-sample-10\10-sample-10.vcxproj", "{D44BBA6D-6DE8-4595-A99F-56A3EE2F5EFA}"
EndProject
Global
	GlobalSection(SolutionConfigurationPlatforms) = preSolution
		Debug|x64 = Debug|x64
		Debug|x86 = Debug|x86
		Release|x64 = Release|x64
		Release|x86 = Release|x86
		Zero|x64 = Zero|x64
		Zero|x86 = Zero|x86
	EndGlobalSection
	GlobalSection(ProjectConfigurationPlatforms) = postSolution
		{D44BBA6D-6DE8-4595-A99F-56A3EE2F5EFA}.Debug|x64.ActiveCfg = Debug|x64
		{D44BBA6D-6DE8-4595-A99F-56A3EE2F5EFA}.Debug|x64.Build.0 = Debug|x64
		{D44BBA6D-6DE8-4595-A99F-56A3EE2F5EFA}.Debug|x86.ActiveCfg = Debug|Win32
		{D44BBA6D-6DE8-4595-A99F-56A3EE2F5EFA}.Debug|x86.Build.0 = Debug|Win32
		{D44BBA6D-6DE8-4595-A99F-56A3EE2F5EFA}.Release|x64.ActiveCfg = Release|x64
		{D44BBA6D-6DE8-4595-A99F-56A3EE2F5EFA}.Release|x64.Build.0 = Release|x64
		{D44BBA6D-6DE8-4595-A99F-56A3EE2F5EFA}.Release|x86.ActiveCfg = Release|Win32
		{D44BBA6D-6DE8-4595-A99F-56A3EE2F5EFA}.Release|x86.Build.0 = Release|Win32
		{D44BBA6D-6DE8-4595-A99F-56A3EE2F5EFA}.Zero|x64.ActiveCfg = Zero|x64
		{D44BBA6D-6DE8-4595-A99F-56A3EE2F5EFA}.Zero|x64.Build.0 = Zero|x64
		{D44BBA6D-6DE8-4595-A99F-56A3EE2F5EFA}.Zero|x86.ActiveCfg = Zero|Win32
		{D44BBA6D-6DE8-4595-A99F-56A3EE2F5EFA}.Zero|x86.Build.0 = Zero|Win32
	EndGlobalSection
	GlobalSection(SolutionProperties) = preSolution
		HideSolutionNode = FALSE
	EndGlobalSection
	GlobalSection(ExtensibilityGlobals) = postSolution
		SolutionGuid = {CF6E5CDD-7059-463D-9DAC-B16C03DC9876}
	EndGlobalSection
EndGlobal
