
Microsoft Visual Studio Solution File, Format Version 12.00
# Visual Studio 15
VisualStudioVersion = 15.0.27428.2015
MinimumVisualStudioVersion = 10.0.40219.1
Project("{8BC9CEB8-8B4A-11D0-8D11-00A0C91BC942}") = "3-sample-a", "3-sample-a\3-sample-a.vcxproj", "{DC160D49-8C17-4F7A-B1C9-3685F3616301}"
EndProject
Global
	GlobalSection(SolutionConfigurationPlatforms) = preSolution
		Debug|x64 = Debug|x64
		Debug|x86 = Debug|x86
		Release|x64 = Release|x64
		Release|x86 = Release|x86
		Zero|x64 = Zero|x64
		Zero|x86 = Zero|x86
	EndGlobalSection
	GlobalSection(ProjectConfigurationPlatforms) = postSolution
		{DC160D49-8C17-4F7A-B1C9-3685F3616301}.Debug|x64.ActiveCfg = Debug|x64
		{DC160D49-8C17-4F7A-B1C9-3685F3616301}.Debug|x64.Build.0 = Debug|x64
		{DC160D49-8C17-4F7A-B1C9-3685F3616301}.Debug|x86.ActiveCfg = Debug|Win32
		{DC160D49-8C17-4F7A-B1C9-3685F3616301}.Debug|x86.Build.0 = Debug|Win32
		{DC160D49-8C17-4F7A-B1C9-3685F3616301}.Release|x64.ActiveCfg = Release|x64
		{DC160D49-8C17-4F7A-B1C9-3685F3616301}.Release|x64.Build.0 = Release|x64
		{DC160D49-8C17-4F7A-B1C9-3685F3616301}.Release|x86.ActiveCfg = Release|Win32
		{DC160D49-8C17-4F7A-B1C9-3685F3616301}.Release|x86.Build.0 = Release|Win32
		{DC160D49-8C17-4F7A-B1C9-3685F3616301}.Zero|x64.ActiveCfg = Zero|x64
		{DC160D49-8C17-4F7A-B1C9-3685F3616301}.Zero|x64.Build.0 = Zero|x64
		{DC160D49-8C17-4F7A-B1C9-3685F3616301}.Zero|x86.ActiveCfg = Zero|Win32
		{DC160D49-8C17-4F7A-B1C9-3685F3616301}.Zero|x86.Build.0 = Zero|Win32
	EndGlobalSection
	GlobalSection(SolutionProperties) = preSolution
		HideSolutionNode = FALSE
	EndGlobalSection
	GlobalSection(ExtensibilityGlobals) = postSolution
		SolutionGuid = {48655BC5-DDE9-4B00-B267-3E423EE4B0AE}
	EndGlobalSection
EndGlobal
