
Microsoft Visual Studio Solution File, Format Version 12.00
# Visual Studio 15
VisualStudioVersion = 15.0.27428.2037
MinimumVisualStudioVersion = 10.0.40219.1
Project("{8BC9CEB8-8B4A-11D0-8D11-00A0C91BC942}") = "16-simple-bits-operation", "16-simple-bits-operation\16-simple-bits-operation.vcxproj", "{4599DFA8-05BD-43BB-9363-9819C8800088}"
EndProject
Global
	GlobalSection(SolutionConfigurationPlatforms) = preSolution
		Debug|x64 = Debug|x64
		Debug|x86 = Debug|x86
		Release|x64 = Release|x64
		Release|x86 = Release|x86
		Zero|x64 = Zero|x64
		Zero|x86 = Zero|x86
	EndGlobalSection
	GlobalSection(ProjectConfigurationPlatforms) = postSolution
		{4599DFA8-05BD-43BB-9363-9819C8800088}.Debug|x64.ActiveCfg = Debug|x64
		{4599DFA8-05BD-43BB-9363-9819C8800088}.Debug|x64.Build.0 = Debug|x64
		{4599DFA8-05BD-43BB-9363-9819C8800088}.Debug|x86.ActiveCfg = Debug|Win32
		{4599DFA8-05BD-43BB-9363-9819C8800088}.Debug|x86.Build.0 = Debug|Win32
		{4599DFA8-05BD-43BB-9363-9819C8800088}.Release|x64.ActiveCfg = Release|x64
		{4599DFA8-05BD-43BB-9363-9819C8800088}.Release|x64.Build.0 = Release|x64
		{4599DFA8-05BD-43BB-9363-9819C8800088}.Release|x86.ActiveCfg = Release|Win32
		{4599DFA8-05BD-43BB-9363-9819C8800088}.Release|x86.Build.0 = Release|Win32
		{4599DFA8-05BD-43BB-9363-9819C8800088}.Zero|x64.ActiveCfg = Zero|x64
		{4599DFA8-05BD-43BB-9363-9819C8800088}.Zero|x64.Build.0 = Zero|x64
		{4599DFA8-05BD-43BB-9363-9819C8800088}.Zero|x86.ActiveCfg = Zero|Win32
		{4599DFA8-05BD-43BB-9363-9819C8800088}.Zero|x86.Build.0 = Zero|Win32
	EndGlobalSection
	GlobalSection(SolutionProperties) = preSolution
		HideSolutionNode = FALSE
	EndGlobalSection
	GlobalSection(ExtensibilityGlobals) = postSolution
		SolutionGuid = {113FB724-C045-4FEE-8DAA-F6F97A897582}
	EndGlobalSection
EndGlobal
