
Microsoft Visual Studio Solution File, Format Version 12.00
# Visual Studio 15
VisualStudioVersion = 15.0.27428.2037
MinimumVisualStudioVersion = 10.0.40219.1
Project("{8BC9CEB8-8B4A-11D0-8D11-00A0C91BC942}") = "17-define", "17-define\17-define.vcxproj", "{374A0E21-0261-48E0-AF5B-78B61289CB19}"
EndProject
Global
	GlobalSection(SolutionConfigurationPlatforms) = preSolution
		Debug|x64 = Debug|x64
		Debug|x86 = Debug|x86
		Release|x64 = Release|x64
		Release|x86 = Release|x86
		Zero|x64 = Zero|x64
		Zero|x86 = Zero|x86
	EndGlobalSection
	GlobalSection(ProjectConfigurationPlatforms) = postSolution
		{374A0E21-0261-48E0-AF5B-78B61289CB19}.Debug|x64.ActiveCfg = Debug|x64
		{374A0E21-0261-48E0-AF5B-78B61289CB19}.Debug|x64.Build.0 = Debug|x64
		{374A0E21-0261-48E0-AF5B-78B61289CB19}.Debug|x86.ActiveCfg = Debug|Win32
		{374A0E21-0261-48E0-AF5B-78B61289CB19}.Debug|x86.Build.0 = Debug|Win32
		{374A0E21-0261-48E0-AF5B-78B61289CB19}.Release|x64.ActiveCfg = Release|x64
		{374A0E21-0261-48E0-AF5B-78B61289CB19}.Release|x64.Build.0 = Release|x64
		{374A0E21-0261-48E0-AF5B-78B61289CB19}.Release|x86.ActiveCfg = Release|Win32
		{374A0E21-0261-48E0-AF5B-78B61289CB19}.Release|x86.Build.0 = Release|Win32
		{374A0E21-0261-48E0-AF5B-78B61289CB19}.Zero|x64.ActiveCfg = Zero|x64
		{374A0E21-0261-48E0-AF5B-78B61289CB19}.Zero|x64.Build.0 = Zero|x64
		{374A0E21-0261-48E0-AF5B-78B61289CB19}.Zero|x86.ActiveCfg = Zero|Win32
		{374A0E21-0261-48E0-AF5B-78B61289CB19}.Zero|x86.Build.0 = Zero|Win32
	EndGlobalSection
	GlobalSection(SolutionProperties) = preSolution
		HideSolutionNode = FALSE
	EndGlobalSection
	GlobalSection(ExtensibilityGlobals) = postSolution
		SolutionGuid = {19029282-5A33-4ADC-8323-51F1F229625D}
	EndGlobalSection
EndGlobal
